{
  "name": "turnament",
  "lockfileVersion": 3,
  "requires": true,
  "packages": {
    "": {
      "dependencies": {
        "jsrsasign": "^11.1.1"
      }
    },
    "node_modules/jsrsasign": {
      "version": "11.1.1",
      "resolved": "https://registry.npmjs.org/jsrsasign/-/jsrsasign-11.1.1.tgz",
      "integrity": "sha512-6w95OOXH8DNeGxakqLndBEqqwQ6A70zGaky1oxfg8WVLWOnghTfJsc5Tknx+Z88MHSb1bGLcqQHImOF8Lk22XA==",
      "license": "MIT",
      "funding": {
        "url": "https://github.com/kjur/jsrsasign#donations"
      }
    }
  }
}
